
Microsoft Visual Studio Solution File, Format Version 12.00
# Visual Studio Version 17
VisualStudioVersion = 17.4.33122.133
MinimumVisualStudioVersion = 10.0.40219.1
Project("{FAE04EC0-301F-11D3-BF4B-00C04F79EFBC}") = "Lab2", "Lab2\Lab2.csproj", "{91739C62-8841-4848-8875-6BD71A688A1B}"
EndProject
Global
	GlobalSection(SolutionConfigurationPlatforms) = preSolution
		Debug|Any CPU = Debug|Any CPU
		Release|Any CPU = Release|Any CPU
	EndGlobalSection
	GlobalSection(ProjectConfigurationPlatforms) = postSolution
		{91739C62-8841-4848-8875-6BD71A688A1B}.Debug|Any CPU.ActiveCfg = Debug|Any CPU
		{91739C62-8841-4848-8875-6BD71A688A1B}.Debug|Any CPU.Build.0 = Debug|Any CPU
		{91739C62-8841-4848-8875-6BD71A688A1B}.Release|Any CPU.ActiveCfg = Release|Any CPU
		{91739C62-8841-4848-8875-6BD71A688A1B}.Release|Any CPU.Build.0 = Release|Any CPU
	EndGlobalSection
	GlobalSection(SolutionProperties) = preSolution
		HideSolutionNode = FALSE
	EndGlobalSection
	GlobalSection(ExtensibilityGlobals) = postSolution
		SolutionGuid = {73600C03-245F-4444-99EC-0FAF328D6AA9}
	EndGlobalSection
EndGlobal
